# THIS IS AN AUTOGENERATED FILE. DO NOT EDIT THIS FILE DIRECTLY.
# yarn lockfile v1


"@atomist/cortex@1.0.0-m.3":
  version "1.0.0-m.3"
  resolved "https://registry.yarnpkg.com/@atomist/cortex/-/cortex-1.0.0-m.3.tgz#88c32585ec819541932246d24c02ba6b70878512"
  dependencies:
    "@atomist/rug" "1.0.0-m.3"

"@atomist/rug@1.0.0-m.3":
  version "1.0.0-m.3"
  resolved "https://registry.yarnpkg.com/@atomist/rug/-/rug-1.0.0-m.3.tgz#5768338bd1e20a6138b1ed0db38e3c881206c867"

"@atomist/rugs@1.0.0-m.4":
  version "1.0.0-m.4"
  resolved "https://registry.yarnpkg.com/@atomist/rugs/-/rugs-1.0.0-m.4.tgz#ee26ac9d8aa3a45b1d7fff176999e716f9704cb8"
  dependencies:
    "@atomist/cortex" "1.0.0-m.3"
    "@atomist/rug" "1.0.0-m.3"
    mustache "^2.3.0"

mustache@^2.3.0:
  version "2.3.0"
  resolved "https://registry.yarnpkg.com/mustache/-/mustache-2.3.0.tgz#4028f7778b17708a489930a6e52ac3bca0da41d0"
